
Microsoft Visual Studio Solution File, Format Version 12.00
# Visual Studio Version 16
VisualStudioVersion = 16.0.30517.126
MinimumVisualStudioVersion = 10.0.40219.1
Project("{FAE04EC0-301F-11D3-BF4B-00C04F79EFBC}") = "Password_Manager", "Password_Manager\Password_Manager.csproj", "{A9B1DE3E-BE12-4E14-92C2-891DDBFB7C30}"
EndProject
Project("{FAE04EC0-301F-11D3-BF4B-00C04F79EFBC}") = "Data Transfer Object", "Data Transfer Object\Data Transfer Object.csproj", "{7CC5EF50-5F86-48CE-A613-C4718B38B64C}"
EndProject
Project("{FAE04EC0-301F-11D3-BF4B-00C04F79EFBC}") = "Data Access Object", "Data Access Object\Data Access Object.csproj", "{692A6FFB-D22D-41B7-AAA5-8EBB7DCA9F7C}"
EndProject
Global
	GlobalSection(SolutionConfigurationPlatforms) = preSolution
		Debug|Any CPU = Debug|Any CPU
		Release|Any CPU = Release|Any CPU
	EndGlobalSection
	GlobalSection(ProjectConfigurationPlatforms) = postSolution
		{A9B1DE3E-BE12-4E14-92C2-891DDBFB7C30}.Debug|Any CPU.ActiveCfg = Debug|Any CPU
		{A9B1DE3E-BE12-4E14-92C2-891DDBFB7C30}.Debug|Any CPU.Build.0 = Debug|Any CPU
		{A9B1DE3E-BE12-4E14-92C2-891DDBFB7C30}.Release|Any CPU.ActiveCfg = Release|Any CPU
		{A9B1DE3E-BE12-4E14-92C2-891DDBFB7C30}.Release|Any CPU.Build.0 = Release|Any CPU
		{7CC5EF50-5F86-48CE-A613-C4718B38B64C}.Debug|Any CPU.ActiveCfg = Debug|Any CPU
		{7CC5EF50-5F86-48CE-A613-C4718B38B64C}.Debug|Any CPU.Build.0 = Debug|Any CPU
		{7CC5EF50-5F86-48CE-A613-C4718B38B64C}.Release|Any CPU.ActiveCfg = Release|Any CPU
		{7CC5EF50-5F86-48CE-A613-C4718B38B64C}.Release|Any CPU.Build.0 = Release|Any CPU
		{692A6FFB-D22D-41B7-AAA5-8EBB7DCA9F7C}.Debug|Any CPU.ActiveCfg = Debug|Any CPU
		{692A6FFB-D22D-41B7-AAA5-8EBB7DCA9F7C}.Debug|Any CPU.Build.0 = Debug|Any CPU
		{692A6FFB-D22D-41B7-AAA5-8EBB7DCA9F7C}.Release|Any CPU.ActiveCfg = Release|Any CPU
		{692A6FFB-D22D-41B7-AAA5-8EBB7DCA9F7C}.Release|Any CPU.Build.0 = Release|Any CPU
	EndGlobalSection
	GlobalSection(SolutionProperties) = preSolution
		HideSolutionNode = FALSE
	EndGlobalSection
	GlobalSection(ExtensibilityGlobals) = postSolution
		SolutionGuid = {89F943FF-8A02-45D1-B69C-082F6E423306}
	EndGlobalSection
EndGlobal
